
Microsoft Visual Studio Solution File, Format Version 12.00
# Visual Studio Version 17
VisualStudioVersion = 17.8.34330.188
MinimumVisualStudioVersion = 10.0.40219.1
Project("{FAE04EC0-301F-11D3-BF4B-00C04F79EFBC}") = "renderer", "renderer.csproj", "{45897B1B-D431-4DFB-884A-44D771BD94A9}"
EndProject
Global
	GlobalSection(SolutionConfigurationPlatforms) = preSolution
		Debug|Any CPU = Debug|Any CPU
		Release|Any CPU = Release|Any CPU
	EndGlobalSection
	GlobalSection(ProjectConfigurationPlatforms) = postSolution
		{45897B1B-D431-4DFB-884A-44D771BD94A9}.Debug|Any CPU.ActiveCfg = Debug|Any CPU
		{45897B1B-D431-4DFB-884A-44D771BD94A9}.Debug|Any CPU.Build.0 = Debug|Any CPU
		{45897B1B-D431-4DFB-884A-44D771BD94A9}.Release|Any CPU.ActiveCfg = Release|Any CPU
		{45897B1B-D431-4DFB-884A-44D771BD94A9}.Release|Any CPU.Build.0 = Release|Any CPU
	EndGlobalSection
	GlobalSection(SolutionProperties) = preSolution
		HideSolutionNode = FALSE
	EndGlobalSection
	GlobalSection(ExtensibilityGlobals) = postSolution
		SolutionGuid = {179C7C3F-E56B-4FB7-BF1F-5D44E1C7F4D1}
	EndGlobalSection
EndGlobal
